
Microsoft Visual Studio Solution File, Format Version 12.00
# Visual Studio Version 17
VisualStudioVersion = 17.2.32630.192
MinimumVisualStudioVersion = 10.0.40219.1
Project("{9A19103F-16F7-4668-BE54-9A1E7A4F7556}") = "R5T.L0049.Construction", "R5T.L0049.Construction\R5T.L0049.Construction.csproj", "{B3E0DB68-EEE3-45E6-A0D1-B50558871C99}"
EndProject
Project("{9A19103F-16F7-4668-BE54-9A1E7A4F7556}") = "R5T.L0049", "R5T.L0049\R5T.L0049.csproj", "{84495DEB-7D9F-4195-8FFB-5E7D8F1C6868}"
EndProject
Project("{2150E333-8FDC-42A3-9474-1A3956D46DE8}") = "_Dependencies", "_Dependencies", "{A0264CD9-04A9-424B-92DA-3E157973C671}"
EndProject
Project("{9A19103F-16F7-4668-BE54-9A1E7A4F7556}") = "R5T.F0000", "..\..\R5T.F0000\source\R5T.F0000\R5T.F0000.csproj", "{2E8E1712-9361-48EB-B93A-09732B35B82B}"
EndProject
Project("{9A19103F-16F7-4668-BE54-9A1E7A4F7556}") = "R5T.F0002", "..\..\R5T.F0002\source\R5T.F0002\R5T.F0002.csproj", "{4877AC3C-C6E3-4EA2-9909-B0FDE2298121}"
EndProject
Project("{9A19103F-16F7-4668-BE54-9A1E7A4F7556}") = "R5T.F0120", "..\..\R5T.F0120\source\R5T.F0120\R5T.F0120.csproj", "{FF1778A7-341B-478F-B9D1-1D658D09F3B2}"
EndProject
Project("{9A19103F-16F7-4668-BE54-9A1E7A4F7556}") = "R5T.F0124", "..\..\R5T.F0124\source\R5T.F0124\R5T.F0124.csproj", "{A0061ECF-8E25-47F5-91B7-F986AA9346B0}"
EndProject
Project("{9A19103F-16F7-4668-BE54-9A1E7A4F7556}") = "R5T.F0125", "..\..\R5T.F0125\source\R5T.F0125\R5T.F0125.csproj", "{381DC70C-7DA5-4ECB-A7E9-304DF2E9F727}"
EndProject
Project("{9A19103F-16F7-4668-BE54-9A1E7A4F7556}") = "R5T.L0030.T000", "..\..\R5T.L0030\source\R5T.L0030.T000\R5T.L0030.T000.csproj", "{7338552F-FD92-45D4-A6BF-43BD1F87DF53}"
EndProject
Project("{9A19103F-16F7-4668-BE54-9A1E7A4F7556}") = "R5T.L0030", "..\..\R5T.L0030\source\R5T.L0030\R5T.L0030.csproj", "{124127AA-7A32-44B4-AE63-1472A2A05236}"
EndProject
Project("{9A19103F-16F7-4668-BE54-9A1E7A4F7556}") = "R5T.L0034", "..\..\R5T.L0034\source\R5T.L0034\R5T.L0034.csproj", "{2948642D-F8B2-4649-A9E9-F549D4081AA9}"
EndProject
Project("{9A19103F-16F7-4668-BE54-9A1E7A4F7556}") = "R5T.L0035", "..\..\R5T.L0035\source\R5T.L0035\R5T.L0035.csproj", "{DFC83942-9F91-453B-A9A2-7C98FFAC1FF8}"
EndProject
Project("{9A19103F-16F7-4668-BE54-9A1E7A4F7556}") = "R5T.NG0022", "..\..\R5T.NG0022\source\R5T.NG0022\R5T.NG0022.csproj", "{2E338808-FAEE-40FE-83FD-4A9CDDBD0AE5}"
EndProject
Project("{9A19103F-16F7-4668-BE54-9A1E7A4F7556}") = "R5T.T0131", "..\..\R5T.T0131\source\R5T.T0131\R5T.T0131.csproj", "{A3280B1A-E229-4765-BD54-60B4AA37DEEC}"
EndProject
Project("{9A19103F-16F7-4668-BE54-9A1E7A4F7556}") = "R5T.T0132", "..\..\R5T.T0132\source\R5T.T0132\R5T.T0132.csproj", "{A9867746-2CA1-4DCA-A3F9-D2A6FA6B1FD8}"
EndProject
Project("{9A19103F-16F7-4668-BE54-9A1E7A4F7556}") = "R5T.T0142", "..\..\R5T.T0142\source\R5T.T0142\R5T.T0142.csproj", "{66A4700B-B0DE-4042-A184-B047E346F314}"
EndProject
Project("{9A19103F-16F7-4668-BE54-9A1E7A4F7556}") = "R5T.T0143", "..\..\R5T.T0143\source\R5T.T0143\R5T.T0143.csproj", "{28505BA9-226A-4268-AFA5-0F83780AA27B}"
EndProject
Project("{9A19103F-16F7-4668-BE54-9A1E7A4F7556}") = "R5T.T0156", "..\..\R5T.T0156\source\R5T.T0156\R5T.T0156.csproj", "{A177EEEF-DDBA-4CAC-962D-932F4323F8CC}"
EndProject
Project("{9A19103F-16F7-4668-BE54-9A1E7A4F7556}") = "R5T.T0174", "..\..\R5T.T0174\source\R5T.T0174\R5T.T0174.csproj", "{C9E8F8A4-CEC8-4F04-ADFC-9472127F5187}"
EndProject
Project("{9A19103F-16F7-4668-BE54-9A1E7A4F7556}") = "R5T.T0176", "..\..\R5T.T0176\source\R5T.T0176\R5T.T0176.csproj", "{9D3FA895-956A-4160-AC89-DE850FB92E83}"
EndProject
Project("{9A19103F-16F7-4668-BE54-9A1E7A4F7556}") = "R5T.T0177", "..\..\R5T.T0177\source\R5T.T0177\R5T.T0177.csproj", "{1D729202-8A35-47D2-96BF-8E211B7C7C37}"
EndProject
Project("{9A19103F-16F7-4668-BE54-9A1E7A4F7556}") = "R5T.T0178", "..\..\R5T.T0178\source\R5T.T0178\R5T.T0178.csproj", "{BA08D904-7FAE-42BD-A844-88119F11857A}"
EndProject
Project("{9A19103F-16F7-4668-BE54-9A1E7A4F7556}") = "R5T.T0179", "..\..\R5T.T0179\source\R5T.T0179\R5T.T0179.csproj", "{3AADD9F2-AEA1-4181-9668-F85C0A1D176F}"
EndProject
Project("{9A19103F-16F7-4668-BE54-9A1E7A4F7556}") = "R5T.T0180", "..\..\R5T.T0180\source\R5T.T0180\R5T.T0180.csproj", "{AD570742-A417-4317-9815-6C78B8189A6C}"
EndProject
Project("{9A19103F-16F7-4668-BE54-9A1E7A4F7556}") = "R5T.T0181", "..\..\R5T.T0181\source\R5T.T0181\R5T.T0181.csproj", "{15A96353-2399-4CD9-9215-8D62DC46FC94}"
EndProject
Project("{9A19103F-16F7-4668-BE54-9A1E7A4F7556}") = "R5T.T0185", "..\..\R5T.T0185\source\R5T.T0185\R5T.T0185.csproj", "{E382F999-3CE9-4345-A8E0-C4AE232874DC}"
EndProject
Project("{9A19103F-16F7-4668-BE54-9A1E7A4F7556}") = "R5T.T0203", "..\..\R5T.T0203\source\R5T.T0203\R5T.T0203.csproj", "{F3A5F489-B2FB-46F2-ACFC-EF97ADB0D6BC}"
EndProject
Project("{9A19103F-16F7-4668-BE54-9A1E7A4F7556}") = "R5T.Y0000", "..\..\R5T.Y0000\source\R5T.Y0000\R5T.Y0000.csproj", "{2C1C5F3C-4E8B-4547-9D6E-9649468E1759}"
EndProject
Project("{9A19103F-16F7-4668-BE54-9A1E7A4F7556}") = "R5T.Z0000", "..\..\R5T.Z0000\source\R5T.Z0000\R5T.Z0000.csproj", "{1043FB32-7DC5-4088-B900-27108E065441}"
EndProject
Project("{9A19103F-16F7-4668-BE54-9A1E7A4F7556}") = "R5T.T0141", "..\..\R5T.T0141\source\R5T.T0141\R5T.T0141.csproj", "{D6DD2F03-703F-432F-A536-81BB61E0BD8A}"
EndProject
Project("{9A19103F-16F7-4668-BE54-9A1E7A4F7556}") = "R5T.T0199", "..\..\R5T.T0199\source\R5T.T0199\R5T.T0199.csproj", "{2462B743-A532-4F1D-AC13-EF01FB0C3EBA}"
EndProject
Project("{9A19103F-16F7-4668-BE54-9A1E7A4F7556}") = "R5T.T0220", "..\..\R5T.T0220\source\R5T.T0220\R5T.T0220.csproj", "{B8EA6E83-B94B-4A7D-9CD0-3A2057480CF7}"
EndProject
Project("{9A19103F-16F7-4668-BE54-9A1E7A4F7556}") = "R5T.T0221", "..\..\R5T.T0221\source\R5T.T0221\R5T.T0221.csproj", "{FFC5FCBE-13C8-486A-AD5F-92B6F761EB90}"
EndProject
Global
	GlobalSection(SolutionConfigurationPlatforms) = preSolution
		Debug|Any CPU = Debug|Any CPU
		Release|Any CPU = Release|Any CPU
	EndGlobalSection
	GlobalSection(ProjectConfigurationPlatforms) = postSolution
		{B3E0DB68-EEE3-45E6-A0D1-B50558871C99}.Debug|Any CPU.ActiveCfg = Debug|Any CPU
		{B3E0DB68-EEE3-45E6-A0D1-B50558871C99}.Debug|Any CPU.Build.0 = Debug|Any CPU
		{B3E0DB68-EEE3-45E6-A0D1-B50558871C99}.Release|Any CPU.ActiveCfg = Release|Any CPU
		{B3E0DB68-EEE3-45E6-A0D1-B50558871C99}.Release|Any CPU.Build.0 = Release|Any CPU
		{84495DEB-7D9F-4195-8FFB-5E7D8F1C6868}.Debug|Any CPU.ActiveCfg = Debug|Any CPU
		{84495DEB-7D9F-4195-8FFB-5E7D8F1C6868}.Debug|Any CPU.Build.0 = Debug|Any CPU
		{84495DEB-7D9F-4195-8FFB-5E7D8F1C6868}.Release|Any CPU.ActiveCfg = Release|Any CPU
		{84495DEB-7D9F-4195-8FFB-5E7D8F1C6868}.Release|Any CPU.Build.0 = Release|Any CPU
		{2E8E1712-9361-48EB-B93A-09732B35B82B}.Debug|Any CPU.ActiveCfg = Debug|Any CPU
		{2E8E1712-9361-48EB-B93A-09732B35B82B}.Debug|Any CPU.Build.0 = Debug|Any CPU
		{2E8E1712-9361-48EB-B93A-09732B35B82B}.Release|Any CPU.ActiveCfg = Release|Any CPU
		{2E8E1712-9361-48EB-B93A-09732B35B82B}.Release|Any CPU.Build.0 = Release|Any CPU
		{4877AC3C-C6E3-4EA2-9909-B0FDE2298121}.Debug|Any CPU.ActiveCfg = Debug|Any CPU
		{4877AC3C-C6E3-4EA2-9909-B0FDE2298121}.Debug|Any CPU.Build.0 = Debug|Any CPU
		{4877AC3C-C6E3-4EA2-9909-B0FDE2298121}.Release|Any CPU.ActiveCfg = Release|Any CPU
		{4877AC3C-C6E3-4EA2-9909-B0FDE2298121}.Release|Any CPU.Build.0 = Release|Any CPU
		{FF1778A7-341B-478F-B9D1-1D658D09F3B2}.Debug|Any CPU.ActiveCfg = Debug|Any CPU
		{FF1778A7-341B-478F-B9D1-1D658D09F3B2}.Debug|Any CPU.Build.0 = Debug|Any CPU
		{FF1778A7-341B-478F-B9D1-1D658D09F3B2}.Release|Any CPU.ActiveCfg = Release|Any CPU
		{FF1778A7-341B-478F-B9D1-1D658D09F3B2}.Release|Any CPU.Build.0 = Release|Any CPU
		{A0061ECF-8E25-47F5-91B7-F986AA9346B0}.Debug|Any CPU.ActiveCfg = Debug|Any CPU
		{A0061ECF-8E25-47F5-91B7-F986AA9346B0}.Debug|Any CPU.Build.0 = Debug|Any CPU
		{A0061ECF-8E25-47F5-91B7-F986AA9346B0}.Release|Any CPU.ActiveCfg = Release|Any CPU
		{A0061ECF-8E25-47F5-91B7-F986AA9346B0}.Release|Any CPU.Build.0 = Release|Any CPU
		{381DC70C-7DA5-4ECB-A7E9-304DF2E9F727}.Debug|Any CPU.ActiveCfg = Debug|Any CPU
		{381DC70C-7DA5-4ECB-A7E9-304DF2E9F727}.Debug|Any CPU.Build.0 = Debug|Any CPU
		{381DC70C-7DA5-4ECB-A7E9-304DF2E9F727}.Release|Any CPU.ActiveCfg = Release|Any CPU
		{381DC70C-7DA5-4ECB-A7E9-304DF2E9F727}.Release|Any CPU.Build.0 = Release|Any CPU
		{7338552F-FD92-45D4-A6BF-43BD1F87DF53}.Debug|Any CPU.ActiveCfg = Debug|Any CPU
		{7338552F-FD92-45D4-A6BF-43BD1F87DF53}.Debug|Any CPU.Build.0 = Debug|Any CPU
		{7338552F-FD92-45D4-A6BF-43BD1F87DF53}.Release|Any CPU.ActiveCfg = Release|Any CPU
		{7338552F-FD92-45D4-A6BF-43BD1F87DF53}.Release|Any CPU.Build.0 = Release|Any CPU
		{124127AA-7A32-44B4-AE63-1472A2A05236}.Debug|Any CPU.ActiveCfg = Debug|Any CPU
		{124127AA-7A32-44B4-AE63-1472A2A05236}.Debug|Any CPU.Build.0 = Debug|Any CPU
		{124127AA-7A32-44B4-AE63-1472A2A05236}.Release|Any CPU.ActiveCfg = Release|Any CPU
		{124127AA-7A32-44B4-AE63-1472A2A05236}.Release|Any CPU.Build.0 = Release|Any CPU
		{2948642D-F8B2-4649-A9E9-F549D4081AA9}.Debug|Any CPU.ActiveCfg = Debug|Any CPU
		{2948642D-F8B2-4649-A9E9-F549D4081AA9}.Debug|Any CPU.Build.0 = Debug|Any CPU
		{2948642D-F8B2-4649-A9E9-F549D4081AA9}.Release|Any CPU.ActiveCfg = Release|Any CPU
		{2948642D-F8B2-4649-A9E9-F549D4081AA9}.Release|Any CPU.Build.0 = Release|Any CPU
		{DFC83942-9F91-453B-A9A2-7C98FFAC1FF8}.Debug|Any CPU.ActiveCfg = Debug|Any CPU
		{DFC83942-9F91-453B-A9A2-7C98FFAC1FF8}.Debug|Any CPU.Build.0 = Debug|Any CPU
		{DFC83942-9F91-453B-A9A2-7C98FFAC1FF8}.Release|Any CPU.ActiveCfg = Release|Any CPU
		{DFC83942-9F91-453B-A9A2-7C98FFAC1FF8}.Release|Any CPU.Build.0 = Release|Any CPU
		{2E338808-FAEE-40FE-83FD-4A9CDDBD0AE5}.Debug|Any CPU.ActiveCfg = Debug|Any CPU
		{2E338808-FAEE-40FE-83FD-4A9CDDBD0AE5}.Debug|Any CPU.Build.0 = Debug|Any CPU
		{2E338808-FAEE-40FE-83FD-4A9CDDBD0AE5}.Release|Any CPU.ActiveCfg = Release|Any CPU
		{2E338808-FAEE-40FE-83FD-4A9CDDBD0AE5}.Release|Any CPU.Build.0 = Release|Any CPU
		{A3280B1A-E229-4765-BD54-60B4AA37DEEC}.Debug|Any CPU.ActiveCfg = Debug|Any CPU
		{A3280B1A-E229-4765-BD54-60B4AA37DEEC}.Debug|Any CPU.Build.0 = Debug|Any CPU
		{A3280B1A-E229-4765-BD54-60B4AA37DEEC}.Release|Any CPU.ActiveCfg = Release|Any CPU
		{A3280B1A-E229-4765-BD54-60B4AA37DEEC}.Release|Any CPU.Build.0 = Release|Any CPU
		{A9867746-2CA1-4DCA-A3F9-D2A6FA6B1FD8}.Debug|Any CPU.ActiveCfg = Debug|Any CPU
		{A9867746-2CA1-4DCA-A3F9-D2A6FA6B1FD8}.Debug|Any CPU.Build.0 = Debug|Any CPU
		{A9867746-2CA1-4DCA-A3F9-D2A6FA6B1FD8}.Release|Any CPU.ActiveCfg = Release|Any CPU
		{A9867746-2CA1-4DCA-A3F9-D2A6FA6B1FD8}.Release|Any CPU.Build.0 = Release|Any CPU
		{66A4700B-B0DE-4042-A184-B047E346F314}.Debug|Any CPU.ActiveCfg = Debug|Any CPU
		{66A4700B-B0DE-4042-A184-B047E346F314}.Debug|Any CPU.Build.0 = Debug|Any CPU
		{66A4700B-B0DE-4042-A184-B047E346F314}.Release|Any CPU.ActiveCfg = Release|Any CPU
		{66A4700B-B0DE-4042-A184-B047E346F314}.Release|Any CPU.Build.0 = Release|Any CPU
		{28505BA9-226A-4268-AFA5-0F83780AA27B}.Debug|Any CPU.ActiveCfg = Debug|Any CPU
		{28505BA9-226A-4268-AFA5-0F83780AA27B}.Debug|Any CPU.Build.0 = Debug|Any CPU
		{28505BA9-226A-4268-AFA5-0F83780AA27B}.Release|Any CPU.ActiveCfg = Release|Any CPU
		{28505BA9-226A-4268-AFA5-0F83780AA27B}.Release|Any CPU.Build.0 = Release|Any CPU
		{A177EEEF-DDBA-4CAC-962D-932F4323F8CC}.Debug|Any CPU.ActiveCfg = Debug|Any CPU
		{A177EEEF-DDBA-4CAC-962D-932F4323F8CC}.Debug|Any CPU.Build.0 = Debug|Any CPU
		{A177EEEF-DDBA-4CAC-962D-932F4323F8CC}.Release|Any CPU.ActiveCfg = Release|Any CPU
		{A177EEEF-DDBA-4CAC-962D-932F4323F8CC}.Release|Any CPU.Build.0 = Release|Any CPU
		{C9E8F8A4-CEC8-4F04-ADFC-9472127F5187}.Debug|Any CPU.ActiveCfg = Debug|Any CPU
		{C9E8F8A4-CEC8-4F04-ADFC-9472127F5187}.Debug|Any CPU.Build.0 = Debug|Any CPU
		{C9E8F8A4-CEC8-4F04-ADFC-9472127F5187}.Release|Any CPU.ActiveCfg = Release|Any CPU
		{C9E8F8A4-CEC8-4F04-ADFC-9472127F5187}.Release|Any CPU.Build.0 = Release|Any CPU
		{9D3FA895-956A-4160-AC89-DE850FB92E83}.Debug|Any CPU.ActiveCfg = Debug|Any CPU
		{9D3FA895-956A-4160-AC89-DE850FB92E83}.Debug|Any CPU.Build.0 = Debug|Any CPU
		{9D3FA895-956A-4160-AC89-DE850FB92E83}.Release|Any CPU.ActiveCfg = Release|Any CPU
		{9D3FA895-956A-4160-AC89-DE850FB92E83}.Release|Any CPU.Build.0 = Release|Any CPU
		{1D729202-8A35-47D2-96BF-8E211B7C7C37}.Debug|Any CPU.ActiveCfg = Debug|Any CPU
		{1D729202-8A35-47D2-96BF-8E211B7C7C37}.Debug|Any CPU.Build.0 = Debug|Any CPU
		{1D729202-8A35-47D2-96BF-8E211B7C7C37}.Release|Any CPU.ActiveCfg = Release|Any CPU
		{1D729202-8A35-47D2-96BF-8E211B7C7C37}.Release|Any CPU.Build.0 = Release|Any CPU
		{BA08D904-7FAE-42BD-A844-88119F11857A}.Debug|Any CPU.ActiveCfg = Debug|Any CPU
		{BA08D904-7FAE-42BD-A844-88119F11857A}.Debug|Any CPU.Build.0 = Debug|Any CPU
		{BA08D904-7FAE-42BD-A844-88119F11857A}.Release|Any CPU.ActiveCfg = Release|Any CPU
		{BA08D904-7FAE-42BD-A844-88119F11857A}.Release|Any CPU.Build.0 = Release|Any CPU
		{3AADD9F2-AEA1-4181-9668-F85C0A1D176F}.Debug|Any CPU.ActiveCfg = Debug|Any CPU
		{3AADD9F2-AEA1-4181-9668-F85C0A1D176F}.Debug|Any CPU.Build.0 = Debug|Any CPU
		{3AADD9F2-AEA1-4181-9668-F85C0A1D176F}.Release|Any CPU.ActiveCfg = Release|Any CPU
		{3AADD9F2-AEA1-4181-9668-F85C0A1D176F}.Release|Any CPU.Build.0 = Release|Any CPU
		{AD570742-A417-4317-9815-6C78B8189A6C}.Debug|Any CPU.ActiveCfg = Debug|Any CPU
		{AD570742-A417-4317-9815-6C78B8189A6C}.Debug|Any CPU.Build.0 = Debug|Any CPU
		{AD570742-A417-4317-9815-6C78B8189A6C}.Release|Any CPU.ActiveCfg = Release|Any CPU
		{AD570742-A417-4317-9815-6C78B8189A6C}.Release|Any CPU.Build.0 = Release|Any CPU
		{15A96353-2399-4CD9-9215-8D62DC46FC94}.Debug|Any CPU.ActiveCfg = Debug|Any CPU
		{15A96353-2399-4CD9-9215-8D62DC46FC94}.Debug|Any CPU.Build.0 = Debug|Any CPU
		{15A96353-2399-4CD9-9215-8D62DC46FC94}.Release|Any CPU.ActiveCfg = Release|Any CPU
		{15A96353-2399-4CD9-9215-8D62DC46FC94}.Release|Any CPU.Build.0 = Release|Any CPU
		{E382F999-3CE9-4345-A8E0-C4AE232874DC}.Debug|Any CPU.ActiveCfg = Debug|Any CPU
		{E382F999-3CE9-4345-A8E0-C4AE232874DC}.Debug|Any CPU.Build.0 = Debug|Any CPU
		{E382F999-3CE9-4345-A8E0-C4AE232874DC}.Release|Any CPU.ActiveCfg = Release|Any CPU
		{E382F999-3CE9-4345-A8E0-C4AE232874DC}.Release|Any CPU.Build.0 = Release|Any CPU
		{F3A5F489-B2FB-46F2-ACFC-EF97ADB0D6BC}.Debug|Any CPU.ActiveCfg = Debug|Any CPU
		{F3A5F489-B2FB-46F2-ACFC-EF97ADB0D6BC}.Debug|Any CPU.Build.0 = Debug|Any CPU
		{F3A5F489-B2FB-46F2-ACFC-EF97ADB0D6BC}.Release|Any CPU.ActiveCfg = Release|Any CPU
		{F3A5F489-B2FB-46F2-ACFC-EF97ADB0D6BC}.Release|Any CPU.Build.0 = Release|Any CPU
		{2C1C5F3C-4E8B-4547-9D6E-9649468E1759}.Debug|Any CPU.ActiveCfg = Debug|Any CPU
		{2C1C5F3C-4E8B-4547-9D6E-9649468E1759}.Debug|Any CPU.Build.0 = Debug|Any CPU
		{2C1C5F3C-4E8B-4547-9D6E-9649468E1759}.Release|Any CPU.ActiveCfg = Release|Any CPU
		{2C1C5F3C-4E8B-4547-9D6E-9649468E1759}.Release|Any CPU.Build.0 = Release|Any CPU
		{1043FB32-7DC5-4088-B900-27108E065441}.Debug|Any CPU.ActiveCfg = Debug|Any CPU
		{1043FB32-7DC5-4088-B900-27108E065441}.Debug|Any CPU.Build.0 = Debug|Any CPU
		{1043FB32-7DC5-4088-B900-27108E065441}.Release|Any CPU.ActiveCfg = Release|Any CPU
		{1043FB32-7DC5-4088-B900-27108E065441}.Release|Any CPU.Build.0 = Release|Any CPU
		{D6DD2F03-703F-432F-A536-81BB61E0BD8A}.Debug|Any CPU.ActiveCfg = Debug|Any CPU
		{D6DD2F03-703F-432F-A536-81BB61E0BD8A}.Debug|Any CPU.Build.0 = Debug|Any CPU
		{D6DD2F03-703F-432F-A536-81BB61E0BD8A}.Release|Any CPU.ActiveCfg = Release|Any CPU
		{D6DD2F03-703F-432F-A536-81BB61E0BD8A}.Release|Any CPU.Build.0 = Release|Any CPU
		{2462B743-A532-4F1D-AC13-EF01FB0C3EBA}.Debug|Any CPU.ActiveCfg = Debug|Any CPU
		{2462B743-A532-4F1D-AC13-EF01FB0C3EBA}.Debug|Any CPU.Build.0 = Debug|Any CPU
		{2462B743-A532-4F1D-AC13-EF01FB0C3EBA}.Release|Any CPU.ActiveCfg = Release|Any CPU
		{2462B743-A532-4F1D-AC13-EF01FB0C3EBA}.Release|Any CPU.Build.0 = Release|Any CPU
		{B8EA6E83-B94B-4A7D-9CD0-3A2057480CF7}.Debug|Any CPU.ActiveCfg = Debug|Any CPU
		{B8EA6E83-B94B-4A7D-9CD0-3A2057480CF7}.Debug|Any CPU.Build.0 = Debug|Any CPU
		{B8EA6E83-B94B-4A7D-9CD0-3A2057480CF7}.Release|Any CPU.ActiveCfg = Release|Any CPU
		{B8EA6E83-B94B-4A7D-9CD0-3A2057480CF7}.Release|Any CPU.Build.0 = Release|Any CPU
		{FFC5FCBE-13C8-486A-AD5F-92B6F761EB90}.Debug|Any CPU.ActiveCfg = Debug|Any CPU
		{FFC5FCBE-13C8-486A-AD5F-92B6F761EB90}.Debug|Any CPU.Build.0 = Debug|Any CPU
		{FFC5FCBE-13C8-486A-AD5F-92B6F761EB90}.Release|Any CPU.ActiveCfg = Release|Any CPU
		{FFC5FCBE-13C8-486A-AD5F-92B6F761EB90}.Release|Any CPU.Build.0 = Release|Any CPU
	EndGlobalSection
	GlobalSection(SolutionProperties) = preSolution
		HideSolutionNode = FALSE
	EndGlobalSection
	GlobalSection(NestedProjects) = preSolution
		{2E8E1712-9361-48EB-B93A-09732B35B82B} = {A0264CD9-04A9-424B-92DA-3E157973C671}
		{4877AC3C-C6E3-4EA2-9909-B0FDE2298121} = {A0264CD9-04A9-424B-92DA-3E157973C671}
		{FF1778A7-341B-478F-B9D1-1D658D09F3B2} = {A0264CD9-04A9-424B-92DA-3E157973C671}
		{A0061ECF-8E25-47F5-91B7-F986AA9346B0} = {A0264CD9-04A9-424B-92DA-3E157973C671}
		{381DC70C-7DA5-4ECB-A7E9-304DF2E9F727} = {A0264CD9-04A9-424B-92DA-3E157973C671}
		{7338552F-FD92-45D4-A6BF-43BD1F87DF53} = {A0264CD9-04A9-424B-92DA-3E157973C671}
		{124127AA-7A32-44B4-AE63-1472A2A05236} = {A0264CD9-04A9-424B-92DA-3E157973C671}
		{2948642D-F8B2-4649-A9E9-F549D4081AA9} = {A0264CD9-04A9-424B-92DA-3E157973C671}
		{DFC83942-9F91-453B-A9A2-7C98FFAC1FF8} = {A0264CD9-04A9-424B-92DA-3E157973C671}
		{2E338808-FAEE-40FE-83FD-4A9CDDBD0AE5} = {A0264CD9-04A9-424B-92DA-3E157973C671}
		{A3280B1A-E229-4765-BD54-60B4AA37DEEC} = {A0264CD9-04A9-424B-92DA-3E157973C671}
		{A9867746-2CA1-4DCA-A3F9-D2A6FA6B1FD8} = {A0264CD9-04A9-424B-92DA-3E157973C671}
		{66A4700B-B0DE-4042-A184-B047E346F314} = {A0264CD9-04A9-424B-92DA-3E157973C671}
		{28505BA9-226A-4268-AFA5-0F83780AA27B} = {A0264CD9-04A9-424B-92DA-3E157973C671}
		{A177EEEF-DDBA-4CAC-962D-932F4323F8CC} = {A0264CD9-04A9-424B-92DA-3E157973C671}
		{C9E8F8A4-CEC8-4F04-ADFC-9472127F5187} = {A0264CD9-04A9-424B-92DA-3E157973C671}
		{9D3FA895-956A-4160-AC89-DE850FB92E83} = {A0264CD9-04A9-424B-92DA-3E157973C671}
		{1D729202-8A35-47D2-96BF-8E211B7C7C37} = {A0264CD9-04A9-424B-92DA-3E157973C671}
		{BA08D904-7FAE-42BD-A844-88119F11857A} = {A0264CD9-04A9-424B-92DA-3E157973C671}
		{3AADD9F2-AEA1-4181-9668-F85C0A1D176F} = {A0264CD9-04A9-424B-92DA-3E157973C671}
		{AD570742-A417-4317-9815-6C78B8189A6C} = {A0264CD9-04A9-424B-92DA-3E157973C671}
		{15A96353-2399-4CD9-9215-8D62DC46FC94} = {A0264CD9-04A9-424B-92DA-3E157973C671}
		{E382F999-3CE9-4345-A8E0-C4AE232874DC} = {A0264CD9-04A9-424B-92DA-3E157973C671}
		{F3A5F489-B2FB-46F2-ACFC-EF97ADB0D6BC} = {A0264CD9-04A9-424B-92DA-3E157973C671}
		{2C1C5F3C-4E8B-4547-9D6E-9649468E1759} = {A0264CD9-04A9-424B-92DA-3E157973C671}
		{1043FB32-7DC5-4088-B900-27108E065441} = {A0264CD9-04A9-424B-92DA-3E157973C671}
		{D6DD2F03-703F-432F-A536-81BB61E0BD8A} = {A0264CD9-04A9-424B-92DA-3E157973C671}
		{2462B743-A532-4F1D-AC13-EF01FB0C3EBA} = {A0264CD9-04A9-424B-92DA-3E157973C671}
		{B8EA6E83-B94B-4A7D-9CD0-3A2057480CF7} = {A0264CD9-04A9-424B-92DA-3E157973C671}
		{FFC5FCBE-13C8-486A-AD5F-92B6F761EB90} = {A0264CD9-04A9-424B-92DA-3E157973C671}
	EndGlobalSection
	GlobalSection(ExtensibilityGlobals) = postSolution
		SolutionGuid = {9FD20785-77FE-4E49-9BFF-567C91C6899B}
	EndGlobalSection
EndGlobal
